
Microsoft Visual Studio Solution File, Format Version 12.00
# Visual Studio 15
VisualStudioVersion = 15.0.26228.4
MinimumVisualStudioVersion = 10.0.40219.1
Project("{FAE04EC0-301F-11D3-BF4B-00C04F79EFBC}") = "TGCollections", "TGCollections\TGCollections.csproj", "{DD7B726B-6CEC-429A-AC86-E2B0B66AD175}"
EndProject
Project("{FAE04EC0-301F-11D3-BF4B-00C04F79EFBC}") = "TimeUpdataCollection", "TimeUpdataCollection\TimeUpdataCollection.csproj", "{D2CD56EE-A830-467D-8205-00476087093E}"
EndProject
Global
	GlobalSection(SolutionConfigurationPlatforms) = preSolution
		Debug|Any CPU = Debug|Any CPU
		Release|Any CPU = Release|Any CPU
	EndGlobalSection
	GlobalSection(ProjectConfigurationPlatforms) = postSolution
		{DD7B726B-6CEC-429A-AC86-E2B0B66AD175}.Debug|Any CPU.ActiveCfg = Debug|Any CPU
		{DD7B726B-6CEC-429A-AC86-E2B0B66AD175}.Debug|Any CPU.Build.0 = Debug|Any CPU
		{DD7B726B-6CEC-429A-AC86-E2B0B66AD175}.Release|Any CPU.ActiveCfg = Release|Any CPU
		{DD7B726B-6CEC-429A-AC86-E2B0B66AD175}.Release|Any CPU.Build.0 = Release|Any CPU
		{D2CD56EE-A830-467D-8205-00476087093E}.Debug|Any CPU.ActiveCfg = Debug|Any CPU
		{D2CD56EE-A830-467D-8205-00476087093E}.Debug|Any CPU.Build.0 = Debug|Any CPU
		{D2CD56EE-A830-467D-8205-00476087093E}.Release|Any CPU.ActiveCfg = Release|Any CPU
		{D2CD56EE-A830-467D-8205-00476087093E}.Release|Any CPU.Build.0 = Release|Any CPU
	EndGlobalSection
	GlobalSection(SolutionProperties) = preSolution
		HideSolutionNode = FALSE
	EndGlobalSection
EndGlobal
